{
  "version": 4,
  "terraform_version": "0.12.28",
  "serial": 221,
  "lineage": "bc7f76c3-c29f-e6a3-401d-92e5ca30f7dc",
  "outputs": {},
  "resources": [
    {
      "mode": "managed",
      "type": "azurerm_resource_group",
      "name": "rgalmResourceGrp",
      "provider": "provider.azurerm",
      "instances": [
        {
          "schema_version": 0,
          "attributes": {
            "id": "/subscriptions/965d253f-2dc6-4cdf-8220-68e5a80f0c84/resourceGroups/rgAlm",
            "location": "canadacentral",
            "name": "rgAlm",
            "tags": {
              "environment": "Dev"
            },
            "timeouts": null
          },
          "private": "eyJlMmJmYjczMC1lY2FhLTExZTYtOGY4OC0zNDM2M2JjN2M0YzAiOnsiY3JlYXRlIjo1NDAwMDAwMDAwMDAwLCJkZWxldGUiOjU0MDAwMDAwMDAwMDAsInJlYWQiOjMwMDAwMDAwMDAwMCwidXBkYXRlIjo1NDAwMDAwMDAwMDAwfX0="
        }
      ]
    },
    {
      "module": "module.network",
      "mode": "managed",
      "type": "azurerm_virtual_network",
      "name": "vnet",
      "provider": "provider.azurerm",
      "instances": [
        {
          "schema_version": 0,
          "attributes": {
            "address_space": [
              "10.0.0.0/16"
            ],
            "ddos_protection_plan": [],
            "dns_servers": [],
            "guid": "c430a1ec-f060-44fa-992b-05e1275df54d",
            "id": "/subscriptions/965d253f-2dc6-4cdf-8220-68e5a80f0c84/resourceGroups/rgAlm/providers/Microsoft.Network/virtualNetworks/vnetAlm",
            "location": "canadacentral",
            "name": "vnetAlm",
            "resource_group_name": "rgAlm",
            "subnet": [
              {
                "address_prefix": "10.0.1.0/24",
                "id": "/subscriptions/965d253f-2dc6-4cdf-8220-68e5a80f0c84/resourceGroups/rgAlm/providers/Microsoft.Network/virtualNetworks/vnetAlm/subnets/snetPublicAlm",
                "name": "snetPublicAlm",
                "security_group": ""
              },
              {
                "address_prefix": "10.0.2.0/24",
                "id": "/subscriptions/965d253f-2dc6-4cdf-8220-68e5a80f0c84/resourceGroups/rgAlm/providers/Microsoft.Network/virtualNetworks/vnetAlm/subnets/snetPrivateAlm",
                "name": "snetPrivateAlm",
                "security_group": ""
              }
            ],
            "tags": {
              "Owner": "Shan",
              "environment": "Dev",
              "project": "ALM"
            },
            "timeouts": null
          }
        }
      ]
    }
  ]
}
